
Microsoft Visual Studio Solution File, Format Version 12.00
# Visual Studio Version 17
VisualStudioVersion = 17.7.34031.279
MinimumVisualStudioVersion = 10.0.40219.1
Project("{FAE04EC0-301F-11D3-BF4B-00C04F79EFBC}") = "WinFormsApp33", "WinFormsApp33.csproj", "{F94A54EE-D688-4A19-8BA4-5EEF58CD839F}"
EndProject
Global
	GlobalSection(SolutionConfigurationPlatforms) = preSolution
		Debug|Any CPU = Debug|Any CPU
		Release|Any CPU = Release|Any CPU
	EndGlobalSection
	GlobalSection(ProjectConfigurationPlatforms) = postSolution
		{F94A54EE-D688-4A19-8BA4-5EEF58CD839F}.Debug|Any CPU.ActiveCfg = Debug|Any CPU
		{F94A54EE-D688-4A19-8BA4-5EEF58CD839F}.Debug|Any CPU.Build.0 = Debug|Any CPU
		{F94A54EE-D688-4A19-8BA4-5EEF58CD839F}.Release|Any CPU.ActiveCfg = Release|Any CPU
		{F94A54EE-D688-4A19-8BA4-5EEF58CD839F}.Release|Any CPU.Build.0 = Release|Any CPU
	EndGlobalSection
	GlobalSection(SolutionProperties) = preSolution
		HideSolutionNode = FALSE
	EndGlobalSection
	GlobalSection(ExtensibilityGlobals) = postSolution
		SolutionGuid = {DBEDD77C-2147-48EC-9A97-5E07EC1E85B9}
	EndGlobalSection
EndGlobal
